
Microsoft Visual Studio Solution File, Format Version 12.00
# Visual Studio 15
VisualStudioVersion = 15.0.28307.757
MinimumVisualStudioVersion = 10.0.40219.1
Project("{FAE04EC0-301F-11D3-BF4B-00C04F79EFBC}") = "HelloWorldJenkins", "HelloWorldJenkins\HelloWorldJenkins.csproj", "{D779DAED-2ABC-48E4-985E-2A717CF1B642}"
EndProject
Project("{FAE04EC0-301F-11D3-BF4B-00C04F79EFBC}") = "TestHelloJenkins", "TestHelloJenkins\TestHelloJenkins.csproj", "{DCFEF5BA-413A-4000-90A6-17E2FA106DD3}"
EndProject
Global
	GlobalSection(SolutionConfigurationPlatforms) = preSolution
		Debug|Any CPU = Debug|Any CPU
		Release|Any CPU = Release|Any CPU
	EndGlobalSection
	GlobalSection(ProjectConfigurationPlatforms) = postSolution
		{D779DAED-2ABC-48E4-985E-2A717CF1B642}.Debug|Any CPU.ActiveCfg = Debug|Any CPU
		{D779DAED-2ABC-48E4-985E-2A717CF1B642}.Debug|Any CPU.Build.0 = Debug|Any CPU
		{D779DAED-2ABC-48E4-985E-2A717CF1B642}.Release|Any CPU.ActiveCfg = Release|Any CPU
		{D779DAED-2ABC-48E4-985E-2A717CF1B642}.Release|Any CPU.Build.0 = Release|Any CPU
		{DCFEF5BA-413A-4000-90A6-17E2FA106DD3}.Debug|Any CPU.ActiveCfg = Debug|Any CPU
		{DCFEF5BA-413A-4000-90A6-17E2FA106DD3}.Debug|Any CPU.Build.0 = Debug|Any CPU
		{DCFEF5BA-413A-4000-90A6-17E2FA106DD3}.Release|Any CPU.ActiveCfg = Release|Any CPU
		{DCFEF5BA-413A-4000-90A6-17E2FA106DD3}.Release|Any CPU.Build.0 = Release|Any CPU
	EndGlobalSection
	GlobalSection(SolutionProperties) = preSolution
		HideSolutionNode = FALSE
	EndGlobalSection
	GlobalSection(ExtensibilityGlobals) = postSolution
		SolutionGuid = {1186264E-FEC1-4EEE-B6A2-BDEB7C751534}
	EndGlobalSection
EndGlobal
